// !$*UTF8*$!
{
	archiveVersion = 1;
	classes = {
	};
	objectVersion = 48;
	objects = {

/* Begin PBXBuildFile section */
		FA2B117F1FD5DD7D005A84EA /* main.cpp in Sources */ = {isa = PBXBuildFile; fileRef = FA2B117E1FD5DD7D005A84EA /* main.cpp */; };
		FA2B11871FD5DD8E005A84EA /* Arc.cpp in Sources */ = {isa = PBXBuildFile; fileRef = FA2B11851FD5DD8E005A84EA /* Arc.cpp */; };
		FA2B118A1FD5DD9B005A84EA /* Locatie.cpp in Sources */ = {isa = PBXBuildFile; fileRef = FA2B11881FD5DD9B005A84EA /* Locatie.cpp */; };
		FA4EDAB31FD82BAA004CBC51 /* Tranzitie.cpp in Sources */ = {isa = PBXBuildFile; fileRef = FA4EDAB11FD82BAA004CBC51 /* Tranzitie.cpp */; };
		FA4EDAB61FD9847B004CBC51 /* PetriNetCoffee.cpp in Sources */ = {isa = PBXBuildFile; fileRef = FA4EDAB41FD9847B004CBC51 /* PetriNetCoffee.cpp */; };
		FA4EDAB91FD984D0004CBC51 /* Petri.cpp in Sources */ = {isa = PBXBuildFile; fileRef = FA4EDAB71FD984D0004CBC51 /* Petri.cpp */; };
/* End PBXBuildFile section */

/* Begin PBXCopyFilesBuildPhase section */
		FA2B11791FD5DD7D005A84EA /* CopyFiles */ = {
			isa = PBXCopyFilesBuildPhase;
			buildActionMask = 2147483647;
			dstPath = /usr/share/man/man1/;
			dstSubfolderSpec = 0;
			files = (
			);
			runOnlyForDeploymentPostprocessing = 1;
		};
/* End PBXCopyFilesBuildPhase section */

/* Begin PBXFileReference section */
		FA2B117B1FD5DD7D005A84EA /* PetriNetCoffee */ = {isa = PBXFileReference; explicitFileType = "compiled.mach-o.executable"; includeInIndex = 0; path = PetriNetCoffee; sourceTree = BUILT_PRODUCTS_DIR; };
		FA2B117E1FD5DD7D005A84EA /* main.cpp */ = {isa = PBXFileReference; lastKnownFileType = sourcecode.cpp.cpp; path = main.cpp; sourceTree = "<group>"; };
		FA2B11851FD5DD8E005A84EA /* Arc.cpp */ = {isa = PBXFileReference; lastKnownFileType = sourcecode.cpp.cpp; path = Arc.cpp; sourceTree = "<group>"; };
		FA2B11861FD5DD8E005A84EA /* Arc.hpp */ = {isa = PBXFileReference; lastKnownFileType = sourcecode.cpp.h; path = Arc.hpp; sourceTree = "<group>"; };
		FA2B11881FD5DD9B005A84EA /* Locatie.cpp */ = {isa = PBXFileReference; lastKnownFileType = sourcecode.cpp.cpp; path = Locatie.cpp; sourceTree = "<group>"; };
		FA2B11891FD5DD9B005A84EA /* Locatie.hpp */ = {isa = PBXFileReference; lastKnownFileType = sourcecode.cpp.h; path = Locatie.hpp; sourceTree = "<group>"; };
		FA4EDAB11FD82BAA004CBC51 /* Tranzitie.cpp */ = {isa = PBXFileReference; lastKnownFileType = sourcecode.cpp.cpp; path = Tranzitie.cpp; sourceTree = "<group>"; };
		FA4EDAB21FD82BAA004CBC51 /* Tranzitie.hpp */ = {isa = PBXFileReference; lastKnownFileType = sourcecode.cpp.h; path = Tranzitie.hpp; sourceTree = "<group>"; };
		FA4EDAB41FD9847B004CBC51 /* PetriNetCoffee.cpp */ = {isa = PBXFileReference; lastKnownFileType = sourcecode.cpp.cpp; path = PetriNetCoffee.cpp; sourceTree = "<group>"; };
		FA4EDAB51FD9847B004CBC51 /* PetriNetCoffee.hpp */ = {isa = PBXFileReference; lastKnownFileType = sourcecode.cpp.h; path = PetriNetCoffee.hpp; sourceTree = "<group>"; };
		FA4EDAB71FD984D0004CBC51 /* Petri.cpp */ = {isa = PBXFileReference; lastKnownFileType = sourcecode.cpp.cpp; path = Petri.cpp; sourceTree = "<group>"; };
		FA4EDAB81FD984D0004CBC51 /* Petri.hpp */ = {isa = PBXFileReference; lastKnownFileType = sourcecode.cpp.h; path = Petri.hpp; sourceTree = "<group>"; };
/* End PBXFileReference section */

/* Begin PBXFrameworksBuildPhase section */
		FA2B11781FD5DD7D005A84EA /* Frameworks */ = {
			isa = PBXFrameworksBuildPhase;
			buildActionMask = 2147483647;
			files = (
			);
			runOnlyForDeploymentPostprocessing = 0;
		};
/* End PBXFrameworksBuildPhase section */

/* Begin PBXGroup section */
		FA2B11721FD5DD7D005A84EA = {
			isa = PBXGroup;
			children = (
				FA2B117D1FD5DD7D005A84EA /* PetriNetCoffee */,
				FA2B117C1FD5DD7D005A84EA /* Products */,
			);
			sourceTree = "<group>";
		};
		FA2B117C1FD5DD7D005A84EA /* Products */ = {
			isa = PBXGroup;
			children = (
				FA2B117B1FD5DD7D005A84EA /* PetriNetCoffee */,
			);
			name = Products;
			sourceTree = "<group>";
		};
		FA2B117D1FD5DD7D005A84EA /* PetriNetCoffee */ = {
			isa = PBXGroup;
			children = (
				FA2B117E1FD5DD7D005A84EA /* main.cpp */,
				FA2B11851FD5DD8E005A84EA /* Arc.cpp */,
				FA2B11861FD5DD8E005A84EA /* Arc.hpp */,
				FA4EDAB11FD82BAA004CBC51 /* Tranzitie.cpp */,
				FA4EDAB21FD82BAA004CBC51 /* Tranzitie.hpp */,
				FA2B11881FD5DD9B005A84EA /* Locatie.cpp */,
				FA2B11891FD5DD9B005A84EA /* Locatie.hpp */,
				FA4EDAB41FD9847B004CBC51 /* PetriNetCoffee.cpp */,
				FA4EDAB51FD9847B004CBC51 /* PetriNetCoffee.hpp */,
				FA4EDAB71FD984D0004CBC51 /* Petri.cpp */,
				FA4EDAB81FD984D0004CBC51 /* Petri.hpp */,
			);
			path = PetriNetCoffee;
			sourceTree = "<group>";
		};
/* End PBXGroup section */

/* Begin PBXNativeTarget section */
		FA2B117A1FD5DD7D005A84EA /* PetriNetCoffee */ = {
			isa = PBXNativeTarget;
			buildConfigurationList = FA2B11821FD5DD7D005A84EA /* Build configuration list for PBXNativeTarget "PetriNetCoffee" */;
			buildPhases = (
				FA2B11771FD5DD7D005A84EA /* Sources */,
				FA2B11781FD5DD7D005A84EA /* Frameworks */,
				FA2B11791FD5DD7D005A84EA /* CopyFiles */,
			);
			buildRules = (
			);
			dependencies = (
			);
			name = PetriNetCoffee;
			productName = PetriNetCoffee;
			productReference = FA2B117B1FD5DD7D005A84EA /* PetriNetCoffee */;
			productType = "com.apple.product-type.tool";
		};
/* End PBXNativeTarget section */

/* Begin PBXProject section */
		FA2B11731FD5DD7D005A84EA /* Project object */ = {
			isa = PBXProject;
			attributes = {
				LastUpgradeCheck = 0910;
				ORGANIZATIONNAME = MacBook;
				TargetAttributes = {
					FA2B117A1FD5DD7D005A84EA = {
						CreatedOnToolsVersion = 9.1;
						ProvisioningStyle = Automatic;
					};
				};
			};
			buildConfigurationList = FA2B11761FD5DD7D005A84EA /* Build configuration list for PBXProject "PetriNetCoffee" */;
			compatibilityVersion = "Xcode 8.0";
			developmentRegion = en;
			hasScannedForEncodings = 0;
			knownRegions = (
				en,
			);
			mainGroup = FA2B11721FD5DD7D005A84EA;
			productRefGroup = FA2B117C1FD5DD7D005A84EA /* Products */;
			projectDirPath = "";
			projectRoot = "";
			targets = (
				FA2B117A1FD5DD7D005A84EA /* PetriNetCoffee */,
			);
		};
/* End PBXProject section */

/* Begin PBXSourcesBuildPhase section */
		FA2B11771FD5DD7D005A84EA /* Sources */ = {
			isa = PBXSourcesBuildPhase;
			buildActionMask = 2147483647;
			files = (
				FA4EDAB91FD984D0004CBC51 /* Petri.cpp in Sources */,
				FA4EDAB61FD9847B004CBC51 /* PetriNetCoffee.cpp in Sources */,
				FA4EDAB31FD82BAA004CBC51 /* Tranzitie.cpp in Sources */,
				FA2B118A1FD5DD9B005A84EA /* Locatie.cpp in Sources */,
				FA2B11871FD5DD8E005A84EA /* Arc.cpp in Sources */,
				FA2B117F1FD5DD7D005A84EA /* main.cpp in Sources */,
			);
			runOnlyForDeploymentPostprocessing = 0;
		};
/* End PBXSourcesBuildPhase section */

/* Begin XCBuildConfiguration section */
		FA2B11801FD5DD7D005A84EA /* Debug */ = {
			isa = XCBuildConfiguration;
			buildSettings = {
				ALWAYS_SEARCH_USER_PATHS = NO;
				CLANG_ANALYZER_NONNULL = YES;
				CLANG_ANALYZER_NUMBER_OBJECT_CONVERSION = YES_AGGRESSIVE;
				CLANG_CXX_LANGUAGE_STANDARD = "gnu++14";
				CLANG_CXX_LIBRARY = "libc++";
				CLANG_ENABLE_MODULES = YES;
				CLANG_ENABLE_OBJC_ARC = YES;
				CLANG_WARN_BLOCK_CAPTURE_AUTORELEASING = YES;
				CLANG_WARN_BOOL_CONVERSION = YES;
				CLANG_WARN_COMMA = YES;
				CLANG_WARN_CONSTANT_CONVERSION = YES;
				CLANG_WARN_DIRECT_OBJC_ISA_USAGE = YES_ERROR;
				CLANG_WARN_DOCUMENTATION_COMMENTS = YES;
				CLANG_WARN_EMPTY_BODY = YES;
				CLANG_WARN_ENUM_CONVERSION = YES;
				CLANG_WARN_INFINITE_RECURSION = YES;
				CLANG_WARN_INT_CONVERSION = YES;
				CLANG_WARN_NON_LITERAL_NULL_CONVERSION = YES;
				CLANG_WARN_OBJC_LITERAL_CONVERSION = YES;
				CLANG_WARN_OBJC_ROOT_CLASS = YES_ERROR;
				CLANG_WARN_RANGE_LOOP_ANALYSIS = YES;
				CLANG_WARN_STRICT_PROTOTYPES = YES;
				CLANG_WARN_SUSPICIOUS_MOVE = YES;
				CLANG_WARN_UNGUARDED_AVAILABILITY = YES_AGGRESSIVE;
				CLANG_WARN_UNREACHABLE_CODE = YES;
				CLANG_WARN__DUPLICATE_METHOD_MATCH = YES;
				CODE_SIGN_IDENTITY = "-";
				COPY_PHASE_STRIP = NO;
				DEBUG_INFORMATION_FORMAT = dwarf;
				ENABLE_STRICT_OBJC_MSGSEND = YES;
				ENABLE_TESTABILITY = YES;
				GCC_C_LANGUAGE_STANDARD = gnu11;
				GCC_DYNAMIC_NO_PIC = NO;
				GCC_NO_COMMON_BLOCKS = YES;
				GCC_OPTIMIZATION_LEVEL = 0;
				GCC_PREPROCESSOR_DEFINITIONS = (
					"DEBUG=1",
					"$(inherited)",
				);
				GCC_WARN_64_TO_32_BIT_CONVERSION = YES;
				GCC_WARN_ABOUT_RETURN_TYPE = YES_ERROR;
				GCC_WARN_UNDECLARED_SELECTOR = YES;
				GCC_WARN_UNINITIALIZED_AUTOS = YES_AGGRESSIVE;
				GCC_WARN_UNUSED_FUNCTION = YES;
				GCC_WARN_UNUSED_VARIABLE = YES;
				MACOSX_DEPLOYMENT_TARGET = 10.13;
				MTL_ENABLE_DEBUG_INFO = YES;
				ONLY_ACTIVE_ARCH = YES;
				SDKROOT = macosx;
			};
			name = Debug;
		};
		FA2B11811FD5DD7D005A84EA /* Release */ = {
			isa = XCBuildConfiguration;
			buildSettings = {
				ALWAYS_SEARCH_USER_PATHS = NO;
				CLANG_ANALYZER_NONNULL = YES;
				CLANG_ANALYZER_NUMBER_OBJECT_CONVERSION = YES_AGGRESSIVE;
				CLANG_CXX_LANGUAGE_STANDARD = "gnu++14";
				CLANG_CXX_LIBRARY = "libc++";
				CLANG_ENABLE_MODULES = YES;
				CLANG_ENABLE_OBJC_ARC = YES;
				CLANG_WARN_BLOCK_CAPTURE_AUTORELEASING = YES;
				CLANG_WARN_BOOL_CONVERSION = YES;
				CLANG_WARN_COMMA = YES;
				CLANG_WARN_CONSTANT_CONVERSION = YES;
				CLANG_WARN_DIRECT_OBJC_ISA_USAGE = YES_ERROR;
				CLANG_WARN_DOCUMENTATION_COMMENTS = YES;
				CLANG_WARN_EMPTY_BODY = YES;
				CLANG_WARN_ENUM_CONVERSION = YES;
				CLANG_WARN_INFINITE_RECURSION = YES;
				CLANG_WARN_INT_CONVERSION = YES;
				CLANG_WARN_NON_LITERAL_NULL_CONVERSION = YES;
				CLANG_WARN_OBJC_LITERAL_CONVERSION = YES;
				CLANG_WARN_OBJC_ROOT_CLASS = YES_ERROR;
				CLANG_WARN_RANGE_LOOP_ANALYSIS = YES;
				CLANG_WARN_STRICT_PROTOTYPES = YES;
				CLANG_WARN_SUSPICIOUS_MOVE = YES;
				CLANG_WARN_UNGUARDED_AVAILABILITY = YES_AGGRESSIVE;
				CLANG_WARN_UNREACHABLE_CODE = YES;
				CLANG_WARN__DUPLICATE_METHOD_MATCH = YES;
				CODE_SIGN_IDENTITY = "-";
				COPY_PHASE_STRIP = NO;
				DEBUG_INFORMATION_FORMAT = "dwarf-with-dsym";
				ENABLE_NS_ASSERTIONS = NO;
				ENABLE_STRICT_OBJC_MSGSEND = YES;
				GCC_C_LANGUAGE_STANDARD = gnu11;
				GCC_NO_COMMON_BLOCKS = YES;
				GCC_WARN_64_TO_32_BIT_CONVERSION = YES;
				GCC_WARN_ABOUT_RETURN_TYPE = YES_ERROR;
				GCC_WARN_UNDECLARED_SELECTOR = YES;
				GCC_WARN_UNINITIALIZED_AUTOS = YES_AGGRESSIVE;
				GCC_WARN_UNUSED_FUNCTION = YES;
				GCC_WARN_UNUSED_VARIABLE = YES;
				MACOSX_DEPLOYMENT_TARGET = 10.13;
				MTL_ENABLE_DEBUG_INFO = NO;
				SDKROOT = macosx;
			};
			name = Release;
		};
		FA2B11831FD5DD7D005A84EA /* Debug */ = {
			isa = XCBuildConfiguration;
			buildSettings = {
				CODE_SIGN_STYLE = Automatic;
				PRODUCT_NAME = "$(TARGET_NAME)";
			};
			name = Debug;
		};
		FA2B11841FD5DD7D005A84EA /* Release */ = {
			isa = XCBuildConfiguration;
			buildSettings = {
				CODE_SIGN_STYLE = Automatic;
				PRODUCT_NAME = "$(TARGET_NAME)";
			};
			name = Release;
		};
/* End XCBuildConfiguration section */

/* Begin XCConfigurationList section */
		FA2B11761FD5DD7D005A84EA /* Build configuration list for PBXProject "PetriNetCoffee" */ = {
			isa = XCConfigurationList;
			buildConfigurations = (
				FA2B11801FD5DD7D005A84EA /* Debug */,
				FA2B11811FD5DD7D005A84EA /* Release */,
			);
			defaultConfigurationIsVisible = 0;
			defaultConfigurationName = Release;
		};
		FA2B11821FD5DD7D005A84EA /* Build configuration list for PBXNativeTarget "PetriNetCoffee" */ = {
			isa = XCConfigurationList;
			buildConfigurations = (
				FA2B11831FD5DD7D005A84EA /* Debug */,
				FA2B11841FD5DD7D005A84EA /* Release */,
			);
			defaultConfigurationIsVisible = 0;
			defaultConfigurationName = Release;
		};
/* End XCConfigurationList section */
	};
	rootObject = FA2B11731FD5DD7D005A84EA /* Project object */;
}
